
Microsoft Visual Studio Solution File, Format Version 12.00
# Visual Studio Version 17
VisualStudioVersion = 17.1.32210.238
MinimumVisualStudioVersion = 10.0.40219.1
Project("{FAE04EC0-301F-11D3-BF4B-00C04F79EFBC}") = "Insurance", "Insurance\Insurance.csproj", "{D8EF821B-4BC3-478D-9D9B-10E0ABC77A7C}"
EndProject
Global
	GlobalSection(SolutionConfigurationPlatforms) = preSolution
		Debug|Any CPU = Debug|Any CPU
		Release|Any CPU = Release|Any CPU
	EndGlobalSection
	GlobalSection(ProjectConfigurationPlatforms) = postSolution
		{D8EF821B-4BC3-478D-9D9B-10E0ABC77A7C}.Debug|Any CPU.ActiveCfg = Debug|Any CPU
		{D8EF821B-4BC3-478D-9D9B-10E0ABC77A7C}.Debug|Any CPU.Build.0 = Debug|Any CPU
		{D8EF821B-4BC3-478D-9D9B-10E0ABC77A7C}.Release|Any CPU.ActiveCfg = Release|Any CPU
		{D8EF821B-4BC3-478D-9D9B-10E0ABC77A7C}.Release|Any CPU.Build.0 = Release|Any CPU
	EndGlobalSection
	GlobalSection(SolutionProperties) = preSolution
		HideSolutionNode = FALSE
	EndGlobalSection
	GlobalSection(ExtensibilityGlobals) = postSolution
		SolutionGuid = {F66DDB93-B97C-4E23-AC14-F07D371F01F0}
	EndGlobalSection
EndGlobal
